
Microsoft Visual Studio Solution File, Format Version 12.00
Project("{FAE04EC0-301F-11D3-BF4B-00C04F79EFBC}") = "BiSharper.Common", "src\BiSharper.Common\BiSharper.Common.csproj", "{D143FF91-EC98-4D36-BF7B-7AF4F349028A}"
EndProject
Project("{2150E333-8FDC-42A3-9474-1A3956D46DE8}") = "Rv", "Rv", "{D5B4521E-A9F3-41B1-94EC-779E8BD315FE}"
EndProject
Project("{FAE04EC0-301F-11D3-BF4B-00C04F79EFBC}") = "BiSharper.Bank", "src\rv\BiSharper.Bank\BiSharper.Bank.csproj", "{8D61F417-331C-48D3-8253-982B1872846A}"
EndProject
Project("{2150E333-8FDC-42A3-9474-1A3956D46DE8}") = "src", "src", "{8A7E87EB-B637-4FAD-A018-5E58EDC2D925}"
EndProject
Project("{2150E333-8FDC-42A3-9474-1A3956D46DE8}") = "tests", "tests", "{3FCEAFE5-EFA7-4380-A716-29009357AA17}"
EndProject
Project("{FAE04EC0-301F-11D3-BF4B-00C04F79EFBC}") = "BisSharper.Common.Tests", "tests\BisSharper.Common.Tests\BisSharper.Common.Tests\BisSharper.Common.Tests.csproj", "{E54EF9A5-B5F1-4377-814C-07963AACCF9B}"
EndProject
Project("{2150E333-8FDC-42A3-9474-1A3956D46DE8}") = "oracles", "oracles", "{892A34F8-B01E-49C0-B0F0-A6D53B27E06A}"
EndProject
Project("{8BC9CEB8-8B4A-11D0-8D11-00A0C91BC942}") = "lzss_oracle", "tests\oracles\lzss_oracle\lzss_oracle\lzss_oracle.vcxproj", "{F020A0FA-ACF8-43B1-8658-0FF22C0D0687}"
EndProject
Global
	GlobalSection(SolutionConfigurationPlatforms) = preSolution
		Debug|Any CPU = Debug|Any CPU
		Release|Any CPU = Release|Any CPU
	EndGlobalSection
	GlobalSection(ProjectConfigurationPlatforms) = postSolution
		{D143FF91-EC98-4D36-BF7B-7AF4F349028A}.Debug|Any CPU.ActiveCfg = Debug|Any CPU
		{D143FF91-EC98-4D36-BF7B-7AF4F349028A}.Debug|Any CPU.Build.0 = Debug|Any CPU
		{D143FF91-EC98-4D36-BF7B-7AF4F349028A}.Release|Any CPU.ActiveCfg = Release|Any CPU
		{D143FF91-EC98-4D36-BF7B-7AF4F349028A}.Release|Any CPU.Build.0 = Release|Any CPU
		{8D61F417-331C-48D3-8253-982B1872846A}.Debug|Any CPU.ActiveCfg = Debug|Any CPU
		{8D61F417-331C-48D3-8253-982B1872846A}.Debug|Any CPU.Build.0 = Debug|Any CPU
		{8D61F417-331C-48D3-8253-982B1872846A}.Release|Any CPU.ActiveCfg = Release|Any CPU
		{8D61F417-331C-48D3-8253-982B1872846A}.Release|Any CPU.Build.0 = Release|Any CPU
		{E54EF9A5-B5F1-4377-814C-07963AACCF9B}.Debug|Any CPU.ActiveCfg = Debug|Any CPU
		{E54EF9A5-B5F1-4377-814C-07963AACCF9B}.Debug|Any CPU.Build.0 = Debug|Any CPU
		{E54EF9A5-B5F1-4377-814C-07963AACCF9B}.Release|Any CPU.ActiveCfg = Release|Any CPU
		{E54EF9A5-B5F1-4377-814C-07963AACCF9B}.Release|Any CPU.Build.0 = Release|Any CPU
		{F020A0FA-ACF8-43B1-8658-0FF22C0D0687}.Debug|Any CPU.ActiveCfg = Debug|Win32
		{F020A0FA-ACF8-43B1-8658-0FF22C0D0687}.Debug|Any CPU.Build.0 = Debug|Win32
		{F020A0FA-ACF8-43B1-8658-0FF22C0D0687}.Release|Any CPU.ActiveCfg = Release|Win32
		{F020A0FA-ACF8-43B1-8658-0FF22C0D0687}.Release|Any CPU.Build.0 = Release|Win32
	EndGlobalSection
	GlobalSection(NestedProjects) = preSolution
		{8D61F417-331C-48D3-8253-982B1872846A} = {D5B4521E-A9F3-41B1-94EC-779E8BD315FE}
		{D143FF91-EC98-4D36-BF7B-7AF4F349028A} = {8A7E87EB-B637-4FAD-A018-5E58EDC2D925}
		{D5B4521E-A9F3-41B1-94EC-779E8BD315FE} = {8A7E87EB-B637-4FAD-A018-5E58EDC2D925}
		{E54EF9A5-B5F1-4377-814C-07963AACCF9B} = {3FCEAFE5-EFA7-4380-A716-29009357AA17}
		{892A34F8-B01E-49C0-B0F0-A6D53B27E06A} = {3FCEAFE5-EFA7-4380-A716-29009357AA17}
		{F020A0FA-ACF8-43B1-8658-0FF22C0D0687} = {892A34F8-B01E-49C0-B0F0-A6D53B27E06A}
	EndGlobalSection
EndGlobal
