
Microsoft Visual Studio Solution File, Format Version 12.00
Project("{2150E333-8FDC-42A3-9474-1A3956D46DE8}") = "src", "src", "{8A7E87EB-B637-4FAD-A018-5E58EDC2D925}"
EndProject
Project("{2150E333-8FDC-42A3-9474-1A3956D46DE8}") = "tests", "tests", "{3FCEAFE5-EFA7-4380-A716-29009357AA17}"
EndProject
Project("{FAE04EC0-301F-11D3-BF4B-00C04F79EFBC}") = "BisSharper.Common.Tests", "tests\BisSharper.Common.Tests\BisSharper.Common.Tests\BisSharper.Common.Tests.csproj", "{E54EF9A5-B5F1-4377-814C-07963AACCF9B}"
EndProject
Project("{2150E333-8FDC-42A3-9474-1A3956D46DE8}") = "oracles", "oracles", "{892A34F8-B01E-49C0-B0F0-A6D53B27E06A}"
EndProject
Project("{FAE04EC0-301F-11D3-BF4B-00C04F79EFBC}") = "BiSharper", "src\BiSharper\BiSharper.csproj", "{49BE1B31-101A-44A4-9302-DD283E083CCC}"
EndProject
Project("{FAE04EC0-301F-11D3-BF4B-00C04F79EFBC}") = "BiSharper.Tests", "tests\BiSharper.Tests\BiSharper.Tests.csproj", "{08397999-18DF-46BE-A820-42513933DBB1}"
EndProject
Global
	GlobalSection(SolutionConfigurationPlatforms) = preSolution
		Debug|Any CPU = Debug|Any CPU
		Release|Any CPU = Release|Any CPU
	EndGlobalSection
	GlobalSection(ProjectConfigurationPlatforms) = postSolution
		{E54EF9A5-B5F1-4377-814C-07963AACCF9B}.Debug|Any CPU.ActiveCfg = Debug|Any CPU
		{E54EF9A5-B5F1-4377-814C-07963AACCF9B}.Debug|Any CPU.Build.0 = Debug|Any CPU
		{E54EF9A5-B5F1-4377-814C-07963AACCF9B}.Release|Any CPU.ActiveCfg = Release|Any CPU
		{E54EF9A5-B5F1-4377-814C-07963AACCF9B}.Release|Any CPU.Build.0 = Release|Any CPU
		{49BE1B31-101A-44A4-9302-DD283E083CCC}.Debug|Any CPU.ActiveCfg = Debug|Any CPU
		{49BE1B31-101A-44A4-9302-DD283E083CCC}.Debug|Any CPU.Build.0 = Debug|Any CPU
		{49BE1B31-101A-44A4-9302-DD283E083CCC}.Release|Any CPU.ActiveCfg = Release|Any CPU
		{49BE1B31-101A-44A4-9302-DD283E083CCC}.Release|Any CPU.Build.0 = Release|Any CPU
		{08397999-18DF-46BE-A820-42513933DBB1}.Debug|Any CPU.ActiveCfg = Debug|Any CPU
		{08397999-18DF-46BE-A820-42513933DBB1}.Debug|Any CPU.Build.0 = Debug|Any CPU
		{08397999-18DF-46BE-A820-42513933DBB1}.Release|Any CPU.ActiveCfg = Release|Any CPU
		{08397999-18DF-46BE-A820-42513933DBB1}.Release|Any CPU.Build.0 = Release|Any CPU
	EndGlobalSection
	GlobalSection(NestedProjects) = preSolution
		{E54EF9A5-B5F1-4377-814C-07963AACCF9B} = {3FCEAFE5-EFA7-4380-A716-29009357AA17}
		{892A34F8-B01E-49C0-B0F0-A6D53B27E06A} = {3FCEAFE5-EFA7-4380-A716-29009357AA17}
		{49BE1B31-101A-44A4-9302-DD283E083CCC} = {8A7E87EB-B637-4FAD-A018-5E58EDC2D925}
		{08397999-18DF-46BE-A820-42513933DBB1} = {3FCEAFE5-EFA7-4380-A716-29009357AA17}
	EndGlobalSection
EndGlobal
